{
  "version": 4,
  "terraform_version": "1.15.8",
  "serial": 24,
  "lineage": "80e21c27-865b-7192-cf10-edfcf98e40d1",
  "outputs": {
    "api_service_account": {
      "value": "marketlens-api-sa@market-lens-506605.iam.gserviceaccount.com",
      "type": "string"
    },
    "bronze_dataset_id": {
      "value": "bronze",
      "type": "string"
    },
    "genai_service_account": {
      "value": "marketlens-genai-sa@market-lens-506605.iam.gserviceaccount.com",
      "type": "string"
    },
    "gold_dataset_id": {
      "value": "gold",
      "type": "string"
    },
    "pipeline_service_account": {
      "value": "marketlens-pipeline-sa@market-lens-506605.iam.gserviceaccount.com",
      "type": "string"
    },
    "quarantined_dataset_id": {
      "value": "quarantined",
      "type": "string"
    },
    "raw_bucket_name": {
      "value": "market-lens-506605-raw",
      "type": "string"
    },
    "raw_bucket_url": {
      "value": "gs://market-lens-506605-raw",
      "type": "string"
    },
    "semantic_dataset_id": {
      "value": "semantic",
      "type": "string"
    },
    "silver_dataset_id": {
      "value": "silver",
      "type": "string"
    }
  },
  "resources": [
    {
      "mode": "managed",
      "type": "google_bigquery_dataset",
      "name": "bronze",
      "provider": "provider[\"registry.terraform.io/hashicorp/google\"]",
      "instances": [
        {
          "schema_version": 0,
          "attributes": {
            "access": [
              {
                "condition": [],
                "dataset": [],
                "domain": "",
                "group_by_email": "",
                "iam_member": "",
                "role": "OWNER",
                "routine": [],
                "special_group": "",
                "user_by_email": "adityabarhate18@gmail.com",
                "view": []
              },
              {
                "condition": [],
                "dataset": [],
                "domain": "",
                "group_by_email": "",
                "iam_member": "",
                "role": "OWNER",
                "routine": [],
                "special_group": "projectOwners",
                "user_by_email": "",
                "view": []
              },
              {
                "condition": [],
                "dataset": [],
                "domain": "",
                "group_by_email": "",
                "iam_member": "",
                "role": "READER",
                "routine": [],
                "special_group": "projectReaders",
                "user_by_email": "",
                "view": []
              },
              {
                "condition": [],
                "dataset": [],
                "domain": "",
                "group_by_email": "",
                "iam_member": "",
                "role": "WRITER",
                "routine": [],
                "special_group": "projectWriters",
                "user_by_email": "",
                "view": []
              }
            ],
            "creation_time": 1787646963545,
            "dataset_id": "bronze",
            "default_collation": "",
            "default_encryption_configuration": [],
            "default_partition_expiration_ms": 0,
            "default_table_expiration_ms": 0,
            "delete_contents_on_destroy": false,
            "deletion_policy": "DELETE",
            "description": "Bronze layer containing raw structured MarketLens data.",
            "effective_labels": {
              "goog-terraform-provisioned": "true"
            },
            "etag": "UC/x0R3FNZeGEZfJIDsn6A==",
            "external_catalog_dataset_options": [],
            "external_dataset_reference": [],
            "friendly_name": "",
            "id": "projects/market-lens-506605/datasets/bronze",
            "is_case_insensitive": false,
            "labels": null,
            "last_modified_time": 1787646963545,
            "location": "asia-south1",
            "max_time_travel_hours": "168",
            "project": "market-lens-506605",
            "resource_tags": null,
            "self_link": "https://bigquery.googleapis.com/bigquery/v2/projects/market-lens-506605/datasets/bronze",
            "storage_billing_model": "",
            "terraform_labels": {
              "goog-terraform-provisioned": "true"
            },
            "timeouts": null
          },
          "sensitive_attributes": [],
          "identity_schema_version": 1,
          "identity": {
            "dataset_id": "bronze",
            "project": "market-lens-506605"
          },
          "private": "eyJlMmJmYjczMC1lY2FhLTExZTYtOGY4OC0zNDM2M2JjN2M0YzAiOnsiY3JlYXRlIjoxMjAwMDAwMDAwMDAwLCJkZWxldGUiOjEyMDAwMDAwMDAwMDAsInVwZGF0ZSI6MTIwMDAwMDAwMDAwMH19"
        }
      ]
    },
    {
      "mode": "managed",
      "type": "google_bigquery_dataset",
      "name": "gold",
      "provider": "provider[\"registry.terraform.io/hashicorp/google\"]",
      "instances": [
        {
          "schema_version": 0,
          "attributes": {
            "access": [
              {
                "condition": [],
                "dataset": [],
                "domain": "",
                "group_by_email": "",
                "iam_member": "",
                "role": "OWNER",
                "routine": [],
                "special_group": "",
                "user_by_email": "adityabarhate18@gmail.com",
                "view": []
              },
              {
                "condition": [],
                "dataset": [],
                "domain": "",
                "group_by_email": "",
                "iam_member": "",
                "role": "OWNER",
                "routine": [],
                "special_group": "projectOwners",
                "user_by_email": "",
                "view": []
              },
              {
                "condition": [],
                "dataset": [],
                "domain": "",
                "group_by_email": "",
                "iam_member": "",
                "role": "READER",
                "routine": [],
                "special_group": "projectReaders",
                "user_by_email": "",
                "view": []
              },
              {
                "condition": [],
                "dataset": [],
                "domain": "",
                "group_by_email": "",
                "iam_member": "",
                "role": "WRITER",
                "routine": [],
                "special_group": "projectWriters",
                "user_by_email": "",
                "view": []
              }
            ],
            "creation_time": 1787646963356,
            "dataset_id": "gold",
            "default_collation": "",
            "default_encryption_configuration": [],
            "default_partition_expiration_ms": 0,
            "default_table_expiration_ms": 0,
            "delete_contents_on_destroy": false,
            "deletion_policy": "DELETE",
            "description": "Gold layer containing business-ready MarketLens analytical data.",
            "effective_labels": {
              "goog-terraform-provisioned": "true"
            },
            "etag": "5Lb8lHXdzMe7BcY6hZZIGw==",
            "external_catalog_dataset_options": [],
            "external_dataset_reference": [],
            "friendly_name": "",
            "id": "projects/market-lens-506605/datasets/gold",
            "is_case_insensitive": false,
            "labels": null,
            "last_modified_time": 1787646963356,
            "location": "asia-south1",
            "max_time_travel_hours": "168",
            "project": "market-lens-506605",
            "resource_tags": null,
            "self_link": "https://bigquery.googleapis.com/bigquery/v2/projects/market-lens-506605/datasets/gold",
            "storage_billing_model": "",
            "terraform_labels": {
              "goog-terraform-provisioned": "true"
            },
            "timeouts": null
          },
          "sensitive_attributes": [],
          "identity_schema_version": 1,
          "identity": {
            "dataset_id": "gold",
            "project": "market-lens-506605"
          },
          "private": "eyJlMmJmYjczMC1lY2FhLTExZTYtOGY4OC0zNDM2M2JjN2M0YzAiOnsiY3JlYXRlIjoxMjAwMDAwMDAwMDAwLCJkZWxldGUiOjEyMDAwMDAwMDAwMDAsInVwZGF0ZSI6MTIwMDAwMDAwMDAwMH19"
        }
      ]
    },
    {
      "mode": "managed",
      "type": "google_bigquery_dataset",
      "name": "quarantined",
      "provider": "provider[\"registry.terraform.io/hashicorp/google\"]",
      "instances": [
        {
          "schema_version": 0,
          "attributes": {
            "access": [
              {
                "condition": [],
                "dataset": [],
                "domain": "",
                "group_by_email": "",
                "iam_member": "",
                "role": "OWNER",
                "routine": [],
                "special_group": "",
                "user_by_email": "adityabarhate18@gmail.com",
                "view": []
              },
              {
                "condition": [],
                "dataset": [],
                "domain": "",
                "group_by_email": "",
                "iam_member": "",
                "role": "OWNER",
                "routine": [],
                "special_group": "projectOwners",
                "user_by_email": "",
                "view": []
              },
              {
                "condition": [],
                "dataset": [],
                "domain": "",
                "group_by_email": "",
                "iam_member": "",
                "role": "READER",
                "routine": [],
                "special_group": "projectReaders",
                "user_by_email": "",
                "view": []
              },
              {
                "condition": [],
                "dataset": [],
                "domain": "",
                "group_by_email": "",
                "iam_member": "",
                "role": "WRITER",
                "routine": [],
                "special_group": "projectWriters",
                "user_by_email": "",
                "view": []
              }
            ],
            "creation_time": 1787646963360,
            "dataset_id": "quarantined",
            "default_collation": "",
            "default_encryption_configuration": [],
            "default_partition_expiration_ms": 0,
            "default_table_expiration_ms": 0,
            "delete_contents_on_destroy": false,
            "deletion_policy": "DELETE",
            "description": "Quarantined data containing invalid or rejected MarketLens records.",
            "effective_labels": {
              "goog-terraform-provisioned": "true"
            },
            "etag": "bikaN3n/p2TJyjjBuA1FIw==",
            "external_catalog_dataset_options": [],
            "external_dataset_reference": [],
            "friendly_name": "",
            "id": "projects/market-lens-506605/datasets/quarantined",
            "is_case_insensitive": false,
            "labels": null,
            "last_modified_time": 1787646963360,
            "location": "asia-south1",
            "max_time_travel_hours": "168",
            "project": "market-lens-506605",
            "resource_tags": null,
            "self_link": "https://bigquery.googleapis.com/bigquery/v2/projects/market-lens-506605/datasets/quarantined",
            "storage_billing_model": "",
            "terraform_labels": {
              "goog-terraform-provisioned": "true"
            },
            "timeouts": null
          },
          "sensitive_attributes": [],
          "identity_schema_version": 1,
          "identity": {
            "dataset_id": "quarantined",
            "project": "market-lens-506605"
          },
          "private": "eyJlMmJmYjczMC1lY2FhLTExZTYtOGY4OC0zNDM2M2JjN2M0YzAiOnsiY3JlYXRlIjoxMjAwMDAwMDAwMDAwLCJkZWxldGUiOjEyMDAwMDAwMDAwMDAsInVwZGF0ZSI6MTIwMDAwMDAwMDAwMH19"
        }
      ]
    },
    {
      "mode": "managed",
      "type": "google_bigquery_dataset",
      "name": "semantic",
      "provider": "provider[\"registry.terraform.io/hashicorp/google\"]",
      "instances": [
        {
          "schema_version": 0,
          "attributes": {
            "access": [
              {
                "condition": [],
                "dataset": [],
                "domain": "",
                "group_by_email": "",
                "iam_member": "",
                "role": "OWNER",
                "routine": [],
                "special_group": "",
                "user_by_email": "adityabarhate18@gmail.com",
                "view": []
              },
              {
                "condition": [],
                "dataset": [],
                "domain": "",
                "group_by_email": "",
                "iam_member": "",
                "role": "OWNER",
                "routine": [],
                "special_group": "projectOwners",
                "user_by_email": "",
                "view": []
              },
              {
                "condition": [],
                "dataset": [],
                "domain": "",
                "group_by_email": "",
                "iam_member": "",
                "role": "READER",
                "routine": [],
                "special_group": "projectReaders",
                "user_by_email": "",
                "view": []
              },
              {
                "condition": [],
                "dataset": [],
                "domain": "",
                "group_by_email": "",
                "iam_member": "",
                "role": "WRITER",
                "routine": [],
                "special_group": "projectWriters",
                "user_by_email": "",
                "view": []
              }
            ],
            "creation_time": 1787646963359,
            "dataset_id": "semantic",
            "default_collation": "",
            "default_encryption_configuration": [],
            "default_partition_expiration_ms": 0,
            "default_table_expiration_ms": 0,
            "delete_contents_on_destroy": false,
            "deletion_policy": "DELETE",
            "description": "Semantic layer containing governed metrics for MarketLens and GenAI.",
            "effective_labels": {
              "goog-terraform-provisioned": "true"
            },
            "etag": "gTE312g5ixoqmRYB0PhSLg==",
            "external_catalog_dataset_options": [],
            "external_dataset_reference": [],
            "friendly_name": "",
            "id": "projects/market-lens-506605/datasets/semantic",
            "is_case_insensitive": false,
            "labels": null,
            "last_modified_time": 1787646963359,
            "location": "asia-south1",
            "max_time_travel_hours": "168",
            "project": "market-lens-506605",
            "resource_tags": null,
            "self_link": "https://bigquery.googleapis.com/bigquery/v2/projects/market-lens-506605/datasets/semantic",
            "storage_billing_model": "",
            "terraform_labels": {
              "goog-terraform-provisioned": "true"
            },
            "timeouts": null
          },
          "sensitive_attributes": [],
          "identity_schema_version": 1,
          "identity": {
            "dataset_id": "semantic",
            "project": "market-lens-506605"
          },
          "private": "eyJlMmJmYjczMC1lY2FhLTExZTYtOGY4OC0zNDM2M2JjN2M0YzAiOnsiY3JlYXRlIjoxMjAwMDAwMDAwMDAwLCJkZWxldGUiOjEyMDAwMDAwMDAwMDAsInVwZGF0ZSI6MTIwMDAwMDAwMDAwMH19"
        }
      ]
    },
    {
      "mode": "managed",
      "type": "google_bigquery_dataset",
      "name": "silver",
      "provider": "provider[\"registry.terraform.io/hashicorp/google\"]",
      "instances": [
        {
          "schema_version": 0,
          "attributes": {
            "access": [
              {
                "condition": [],
                "dataset": [],
                "domain": "",
                "group_by_email": "",
                "iam_member": "",
                "role": "OWNER",
                "routine": [],
                "special_group": "",
                "user_by_email": "adityabarhate18@gmail.com",
                "view": []
              },
              {
                "condition": [],
                "dataset": [],
                "domain": "",
                "group_by_email": "",
                "iam_member": "",
                "role": "OWNER",
                "routine": [],
                "special_group": "projectOwners",
                "user_by_email": "",
                "view": []
              },
              {
                "condition": [],
                "dataset": [],
                "domain": "",
                "group_by_email": "",
                "iam_member": "",
                "role": "READER",
                "routine": [],
                "special_group": "projectReaders",
                "user_by_email": "",
                "view": []
              },
              {
                "condition": [],
                "dataset": [],
                "domain": "",
                "group_by_email": "",
                "iam_member": "",
                "role": "WRITER",
                "routine": [],
                "special_group": "projectWriters",
                "user_by_email": "",
                "view": []
              }
            ],
            "creation_time": 1787646963547,
            "dataset_id": "silver",
            "default_collation": "",
            "default_encryption_configuration": [],
            "default_partition_expiration_ms": 0,
            "default_table_expiration_ms": 0,
            "delete_contents_on_destroy": false,
            "deletion_policy": "DELETE",
            "description": "Silver layer containing cleaned and validated MarketLens data.",
            "effective_labels": {
              "goog-terraform-provisioned": "true"
            },
            "etag": "BMztVnW5C3+8LLdtgVG1iQ==",
            "external_catalog_dataset_options": [],
            "external_dataset_reference": [],
            "friendly_name": "",
            "id": "projects/market-lens-506605/datasets/silver",
            "is_case_insensitive": false,
            "labels": null,
            "last_modified_time": 1787646963547,
            "location": "asia-south1",
            "max_time_travel_hours": "168",
            "project": "market-lens-506605",
            "resource_tags": null,
            "self_link": "https://bigquery.googleapis.com/bigquery/v2/projects/market-lens-506605/datasets/silver",
            "storage_billing_model": "",
            "terraform_labels": {
              "goog-terraform-provisioned": "true"
            },
            "timeouts": null
          },
          "sensitive_attributes": [],
          "identity_schema_version": 1,
          "identity": {
            "dataset_id": "silver",
            "project": "market-lens-506605"
          },
          "private": "eyJlMmJmYjczMC1lY2FhLTExZTYtOGY4OC0zNDM2M2JjN2M0YzAiOnsiY3JlYXRlIjoxMjAwMDAwMDAwMDAwLCJkZWxldGUiOjEyMDAwMDAwMDAwMDAsInVwZGF0ZSI6MTIwMDAwMDAwMDAwMH19"
        }
      ]
    },
    {
      "mode": "managed",
      "type": "google_bigquery_dataset_iam_member",
      "name": "api_gold",
      "provider": "provider[\"registry.terraform.io/hashicorp/google\"]",
      "instances": [
        {
          "schema_version": 0,
          "attributes": {
            "condition": [],
            "dataset_id": "gold",
            "etag": "",
            "id": "projects/market-lens-506605/datasets/gold/roles/bigquery.dataViewer/serviceAccount:marketlens-api-sa@market-lens-506605.iam.gserviceaccount.com",
            "member": "serviceAccount:marketlens-api-sa@market-lens-506605.iam.gserviceaccount.com",
            "project": "market-lens-506605",
            "role": "roles/bigquery.dataViewer"
          },
          "sensitive_attributes": [],
          "identity_schema_version": 1,
          "identity": {
            "condition_title": null,
            "dataset_id": "gold",
            "member": "serviceAccount:marketlens-api-sa@market-lens-506605.iam.gserviceaccount.com",
            "project": "market-lens-506605",
            "role": "roles/bigquery.dataViewer"
          },
          "private": "bnVsbA==",
          "dependencies": [
            "google_bigquery_dataset.gold",
            "google_service_account.api"
          ]
        }
      ]
    },
    {
      "mode": "managed",
      "type": "google_bigquery_dataset_iam_member",
      "name": "api_semantic",
      "provider": "provider[\"registry.terraform.io/hashicorp/google\"]",
      "instances": [
        {
          "schema_version": 0,
          "attributes": {
            "condition": [],
            "dataset_id": "semantic",
            "etag": "",
            "id": "projects/market-lens-506605/datasets/semantic/roles/bigquery.dataViewer/serviceAccount:marketlens-api-sa@market-lens-506605.iam.gserviceaccount.com",
            "member": "serviceAccount:marketlens-api-sa@market-lens-506605.iam.gserviceaccount.com",
            "project": "market-lens-506605",
            "role": "roles/bigquery.dataViewer"
          },
          "sensitive_attributes": [],
          "identity_schema_version": 1,
          "identity": {
            "condition_title": null,
            "dataset_id": "semantic",
            "member": "serviceAccount:marketlens-api-sa@market-lens-506605.iam.gserviceaccount.com",
            "project": "market-lens-506605",
            "role": "roles/bigquery.dataViewer"
          },
          "private": "bnVsbA==",
          "dependencies": [
            "google_bigquery_dataset.semantic",
            "google_service_account.api"
          ]
        }
      ]
    },
    {
      "mode": "managed",
      "type": "google_bigquery_dataset_iam_member",
      "name": "genai_gold",
      "provider": "provider[\"registry.terraform.io/hashicorp/google\"]",
      "instances": [
        {
          "schema_version": 0,
          "attributes": {
            "condition": [],
            "dataset_id": "gold",
            "etag": "",
            "id": "projects/market-lens-506605/datasets/gold/roles/bigquery.dataViewer/serviceAccount:marketlens-genai-sa@market-lens-506605.iam.gserviceaccount.com",
            "member": "serviceAccount:marketlens-genai-sa@market-lens-506605.iam.gserviceaccount.com",
            "project": "market-lens-506605",
            "role": "roles/bigquery.dataViewer"
          },
          "sensitive_attributes": [],
          "identity_schema_version": 1,
          "identity": {
            "condition_title": null,
            "dataset_id": "gold",
            "member": "serviceAccount:marketlens-genai-sa@market-lens-506605.iam.gserviceaccount.com",
            "project": "market-lens-506605",
            "role": "roles/bigquery.dataViewer"
          },
          "private": "bnVsbA==",
          "dependencies": [
            "google_bigquery_dataset.gold",
            "google_service_account.genai"
          ]
        }
      ]
    },
    {
      "mode": "managed",
      "type": "google_bigquery_dataset_iam_member",
      "name": "genai_semantic",
      "provider": "provider[\"registry.terraform.io/hashicorp/google\"]",
      "instances": [
        {
          "schema_version": 0,
          "attributes": {
            "condition": [],
            "dataset_id": "semantic",
            "etag": "",
            "id": "projects/market-lens-506605/datasets/semantic/roles/bigquery.dataViewer/serviceAccount:marketlens-genai-sa@market-lens-506605.iam.gserviceaccount.com",
            "member": "serviceAccount:marketlens-genai-sa@market-lens-506605.iam.gserviceaccount.com",
            "project": "market-lens-506605",
            "role": "roles/bigquery.dataViewer"
          },
          "sensitive_attributes": [],
          "identity_schema_version": 1,
          "identity": {
            "condition_title": null,
            "dataset_id": "semantic",
            "member": "serviceAccount:marketlens-genai-sa@market-lens-506605.iam.gserviceaccount.com",
            "project": "market-lens-506605",
            "role": "roles/bigquery.dataViewer"
          },
          "private": "bnVsbA==",
          "dependencies": [
            "google_bigquery_dataset.semantic",
            "google_service_account.genai"
          ]
        }
      ]
    },
    {
      "mode": "managed",
      "type": "google_bigquery_dataset_iam_member",
      "name": "pipeline_bronze",
      "provider": "provider[\"registry.terraform.io/hashicorp/google\"]",
      "instances": [
        {
          "schema_version": 0,
          "attributes": {
            "condition": [],
            "dataset_id": "bronze",
            "etag": "",
            "id": "projects/market-lens-506605/datasets/bronze/roles/bigquery.dataEditor/serviceAccount:marketlens-pipeline-sa@market-lens-506605.iam.gserviceaccount.com",
            "member": "serviceAccount:marketlens-pipeline-sa@market-lens-506605.iam.gserviceaccount.com",
            "project": "market-lens-506605",
            "role": "roles/bigquery.dataEditor"
          },
          "sensitive_attributes": [],
          "identity_schema_version": 1,
          "identity": {
            "condition_title": null,
            "dataset_id": "bronze",
            "member": "serviceAccount:marketlens-pipeline-sa@market-lens-506605.iam.gserviceaccount.com",
            "project": "market-lens-506605",
            "role": "roles/bigquery.dataEditor"
          },
          "private": "bnVsbA==",
          "dependencies": [
            "google_bigquery_dataset.bronze",
            "google_service_account.pipeline"
          ]
        }
      ]
    },
    {
      "mode": "managed",
      "type": "google_bigquery_dataset_iam_member",
      "name": "pipeline_gold",
      "provider": "provider[\"registry.terraform.io/hashicorp/google\"]",
      "instances": [
        {
          "schema_version": 0,
          "attributes": {
            "condition": [],
            "dataset_id": "gold",
            "etag": "",
            "id": "projects/market-lens-506605/datasets/gold/roles/bigquery.dataEditor/serviceAccount:marketlens-pipeline-sa@market-lens-506605.iam.gserviceaccount.com",
            "member": "serviceAccount:marketlens-pipeline-sa@market-lens-506605.iam.gserviceaccount.com",
            "project": "market-lens-506605",
            "role": "roles/bigquery.dataEditor"
          },
          "sensitive_attributes": [],
          "identity_schema_version": 1,
          "identity": {
            "condition_title": null,
            "dataset_id": "gold",
            "member": "serviceAccount:marketlens-pipeline-sa@market-lens-506605.iam.gserviceaccount.com",
            "project": "market-lens-506605",
            "role": "roles/bigquery.dataEditor"
          },
          "private": "bnVsbA==",
          "dependencies": [
            "google_bigquery_dataset.gold",
            "google_service_account.pipeline"
          ]
        }
      ]
    },
    {
      "mode": "managed",
      "type": "google_bigquery_dataset_iam_member",
      "name": "pipeline_quarantined",
      "provider": "provider[\"registry.terraform.io/hashicorp/google\"]",
      "instances": [
        {
          "schema_version": 0,
          "attributes": {
            "condition": [],
            "dataset_id": "quarantined",
            "etag": "",
            "id": "projects/market-lens-506605/datasets/quarantined/roles/bigquery.dataEditor/serviceAccount:marketlens-pipeline-sa@market-lens-506605.iam.gserviceaccount.com",
            "member": "serviceAccount:marketlens-pipeline-sa@market-lens-506605.iam.gserviceaccount.com",
            "project": "market-lens-506605",
            "role": "roles/bigquery.dataEditor"
          },
          "sensitive_attributes": [],
          "identity_schema_version": 1,
          "identity": {
            "condition_title": null,
            "dataset_id": "quarantined",
            "member": "serviceAccount:marketlens-pipeline-sa@market-lens-506605.iam.gserviceaccount.com",
            "project": "market-lens-506605",
            "role": "roles/bigquery.dataEditor"
          },
          "private": "bnVsbA==",
          "dependencies": [
            "google_bigquery_dataset.quarantined",
            "google_service_account.pipeline"
          ]
        }
      ]
    },
    {
      "mode": "managed",
      "type": "google_bigquery_dataset_iam_member",
      "name": "pipeline_semantic",
      "provider": "provider[\"registry.terraform.io/hashicorp/google\"]",
      "instances": [
        {
          "schema_version": 0,
          "attributes": {
            "condition": [],
            "dataset_id": "semantic",
            "etag": "",
            "id": "projects/market-lens-506605/datasets/semantic/roles/bigquery.dataEditor/serviceAccount:marketlens-pipeline-sa@market-lens-506605.iam.gserviceaccount.com",
            "member": "serviceAccount:marketlens-pipeline-sa@market-lens-506605.iam.gserviceaccount.com",
            "project": "market-lens-506605",
            "role": "roles/bigquery.dataEditor"
          },
          "sensitive_attributes": [],
          "identity_schema_version": 1,
          "identity": {
            "condition_title": null,
            "dataset_id": "semantic",
            "member": "serviceAccount:marketlens-pipeline-sa@market-lens-506605.iam.gserviceaccount.com",
            "project": "market-lens-506605",
            "role": "roles/bigquery.dataEditor"
          },
          "private": "bnVsbA==",
          "dependencies": [
            "google_bigquery_dataset.semantic",
            "google_service_account.pipeline"
          ]
        }
      ]
    },
    {
      "mode": "managed",
      "type": "google_bigquery_dataset_iam_member",
      "name": "pipeline_silver",
      "provider": "provider[\"registry.terraform.io/hashicorp/google\"]",
      "instances": [
        {
          "schema_version": 0,
          "attributes": {
            "condition": [],
            "dataset_id": "silver",
            "etag": "",
            "id": "projects/market-lens-506605/datasets/silver/roles/bigquery.dataEditor/serviceAccount:marketlens-pipeline-sa@market-lens-506605.iam.gserviceaccount.com",
            "member": "serviceAccount:marketlens-pipeline-sa@market-lens-506605.iam.gserviceaccount.com",
            "project": "market-lens-506605",
            "role": "roles/bigquery.dataEditor"
          },
          "sensitive_attributes": [],
          "identity_schema_version": 1,
          "identity": {
            "condition_title": null,
            "dataset_id": "silver",
            "member": "serviceAccount:marketlens-pipeline-sa@market-lens-506605.iam.gserviceaccount.com",
            "project": "market-lens-506605",
            "role": "roles/bigquery.dataEditor"
          },
          "private": "bnVsbA==",
          "dependencies": [
            "google_bigquery_dataset.silver",
            "google_service_account.pipeline"
          ]
        }
      ]
    },
    {
      "mode": "managed",
      "type": "google_project_iam_member",
      "name": "api_bigquery_job",
      "provider": "provider[\"registry.terraform.io/hashicorp/google\"]",
      "instances": [
        {
          "schema_version": 0,
          "attributes": {
            "condition": [],
            "etag": "BwZZ2wAzcvU=",
            "id": "market-lens-506605/roles/bigquery.jobUser/serviceAccount:marketlens-api-sa@market-lens-506605.iam.gserviceaccount.com",
            "member": "serviceAccount:marketlens-api-sa@market-lens-506605.iam.gserviceaccount.com",
            "project": "market-lens-506605",
            "role": "roles/bigquery.jobUser"
          },
          "sensitive_attributes": [],
          "identity_schema_version": 1,
          "identity": {
            "condition_title": null,
            "member": "serviceAccount:marketlens-api-sa@market-lens-506605.iam.gserviceaccount.com",
            "project": "market-lens-506605",
            "role": "roles/bigquery.jobUser"
          },
          "private": "bnVsbA==",
          "dependencies": [
            "google_service_account.api"
          ]
        }
      ]
    },
    {
      "mode": "managed",
      "type": "google_project_iam_member",
      "name": "genai_bigquery_job",
      "provider": "provider[\"registry.terraform.io/hashicorp/google\"]",
      "instances": [
        {
          "schema_version": 0,
          "attributes": {
            "condition": [],
            "etag": "BwZZ2v/ArsA=",
            "id": "market-lens-506605/roles/bigquery.jobUser/serviceAccount:marketlens-genai-sa@market-lens-506605.iam.gserviceaccount.com",
            "member": "serviceAccount:marketlens-genai-sa@market-lens-506605.iam.gserviceaccount.com",
            "project": "market-lens-506605",
            "role": "roles/bigquery.jobUser"
          },
          "sensitive_attributes": [],
          "identity_schema_version": 1,
          "identity": {
            "condition_title": null,
            "member": "serviceAccount:marketlens-genai-sa@market-lens-506605.iam.gserviceaccount.com",
            "project": "market-lens-506605",
            "role": "roles/bigquery.jobUser"
          },
          "private": "bnVsbA==",
          "dependencies": [
            "google_service_account.genai"
          ]
        }
      ]
    },
    {
      "mode": "managed",
      "type": "google_project_iam_member",
      "name": "pipeline_bigquery_job",
      "provider": "provider[\"registry.terraform.io/hashicorp/google\"]",
      "instances": [
        {
          "schema_version": 0,
          "attributes": {
            "condition": [],
            "etag": "BwZZ2v/ArsA=",
            "id": "market-lens-506605/roles/bigquery.jobUser/serviceAccount:marketlens-pipeline-sa@market-lens-506605.iam.gserviceaccount.com",
            "member": "serviceAccount:marketlens-pipeline-sa@market-lens-506605.iam.gserviceaccount.com",
            "project": "market-lens-506605",
            "role": "roles/bigquery.jobUser"
          },
          "sensitive_attributes": [],
          "identity_schema_version": 1,
          "identity": {
            "condition_title": null,
            "member": "serviceAccount:marketlens-pipeline-sa@market-lens-506605.iam.gserviceaccount.com",
            "project": "market-lens-506605",
            "role": "roles/bigquery.jobUser"
          },
          "private": "bnVsbA==",
          "dependencies": [
            "google_service_account.pipeline"
          ]
        }
      ]
    },
    {
      "mode": "managed",
      "type": "google_project_iam_member",
      "name": "pipeline_logging",
      "provider": "provider[\"registry.terraform.io/hashicorp/google\"]",
      "instances": [
        {
          "schema_version": 0,
          "attributes": {
            "condition": [],
            "etag": "BwZZ2wAzcvU=",
            "id": "market-lens-506605/roles/logging.logWriter/serviceAccount:marketlens-pipeline-sa@market-lens-506605.iam.gserviceaccount.com",
            "member": "serviceAccount:marketlens-pipeline-sa@market-lens-506605.iam.gserviceaccount.com",
            "project": "market-lens-506605",
            "role": "roles/logging.logWriter"
          },
          "sensitive_attributes": [],
          "identity_schema_version": 1,
          "identity": {
            "condition_title": null,
            "member": "serviceAccount:marketlens-pipeline-sa@market-lens-506605.iam.gserviceaccount.com",
            "project": "market-lens-506605",
            "role": "roles/logging.logWriter"
          },
          "private": "bnVsbA==",
          "dependencies": [
            "google_service_account.pipeline"
          ]
        }
      ]
    },
    {
      "mode": "managed",
      "type": "google_service_account",
      "name": "api",
      "provider": "provider[\"registry.terraform.io/hashicorp/google\"]",
      "instances": [
        {
          "schema_version": 0,
          "attributes": {
            "account_id": "marketlens-api-sa",
            "create_ignore_already_exists": null,
            "deletion_policy": "DELETE",
            "description": "Service account for MarketLens API and visualization access.",
            "disabled": false,
            "display_name": "MarketLens API",
            "email": "marketlens-api-sa@market-lens-506605.iam.gserviceaccount.com",
            "id": "projects/market-lens-506605/serviceAccounts/marketlens-api-sa@market-lens-506605.iam.gserviceaccount.com",
            "member": "serviceAccount:marketlens-api-sa@market-lens-506605.iam.gserviceaccount.com",
            "name": "projects/market-lens-506605/serviceAccounts/marketlens-api-sa@market-lens-506605.iam.gserviceaccount.com",
            "project": "market-lens-506605",
            "timeouts": null,
            "unique_id": "115867057548844512349"
          },
          "sensitive_attributes": [],
          "identity_schema_version": 1,
          "identity": {
            "email": "marketlens-api-sa@market-lens-506605.iam.gserviceaccount.com",
            "project": "market-lens-506605"
          },
          "private": "eyJlMmJmYjczMC1lY2FhLTExZTYtOGY4OC0zNDM2M2JjN2M0YzAiOnsiY3JlYXRlIjozMDAwMDAwMDAwMDB9fQ=="
        }
      ]
    },
    {
      "mode": "managed",
      "type": "google_service_account",
      "name": "genai",
      "provider": "provider[\"registry.terraform.io/hashicorp/google\"]",
      "instances": [
        {
          "schema_version": 0,
          "attributes": {
            "account_id": "marketlens-genai-sa",
            "create_ignore_already_exists": null,
            "deletion_policy": "DELETE",
            "description": "Service account for MarketLens GenAI and semantic data access.",
            "disabled": false,
            "display_name": "MarketLens GenAI",
            "email": "marketlens-genai-sa@market-lens-506605.iam.gserviceaccount.com",
            "id": "projects/market-lens-506605/serviceAccounts/marketlens-genai-sa@market-lens-506605.iam.gserviceaccount.com",
            "member": "serviceAccount:marketlens-genai-sa@market-lens-506605.iam.gserviceaccount.com",
            "name": "projects/market-lens-506605/serviceAccounts/marketlens-genai-sa@market-lens-506605.iam.gserviceaccount.com",
            "project": "market-lens-506605",
            "timeouts": null,
            "unique_id": "104977641941364811090"
          },
          "sensitive_attributes": [],
          "identity_schema_version": 1,
          "identity": {
            "email": "marketlens-genai-sa@market-lens-506605.iam.gserviceaccount.com",
            "project": "market-lens-506605"
          },
          "private": "eyJlMmJmYjczMC1lY2FhLTExZTYtOGY4OC0zNDM2M2JjN2M0YzAiOnsiY3JlYXRlIjozMDAwMDAwMDAwMDB9fQ=="
        }
      ]
    },
    {
      "mode": "managed",
      "type": "google_service_account",
      "name": "pipeline",
      "provider": "provider[\"registry.terraform.io/hashicorp/google\"]",
      "instances": [
        {
          "schema_version": 0,
          "attributes": {
            "account_id": "marketlens-pipeline-sa",
            "create_ignore_already_exists": null,
            "deletion_policy": "DELETE",
            "description": "Service account for MarketLens data ingestion, transformation, and data quality.",
            "disabled": false,
            "display_name": "MarketLens Data Pipeline",
            "email": "marketlens-pipeline-sa@market-lens-506605.iam.gserviceaccount.com",
            "id": "projects/market-lens-506605/serviceAccounts/marketlens-pipeline-sa@market-lens-506605.iam.gserviceaccount.com",
            "member": "serviceAccount:marketlens-pipeline-sa@market-lens-506605.iam.gserviceaccount.com",
            "name": "projects/market-lens-506605/serviceAccounts/marketlens-pipeline-sa@market-lens-506605.iam.gserviceaccount.com",
            "project": "market-lens-506605",
            "timeouts": null,
            "unique_id": "112543723579490375344"
          },
          "sensitive_attributes": [],
          "identity_schema_version": 1,
          "identity": {
            "email": "marketlens-pipeline-sa@market-lens-506605.iam.gserviceaccount.com",
            "project": "market-lens-506605"
          },
          "private": "eyJlMmJmYjczMC1lY2FhLTExZTYtOGY4OC0zNDM2M2JjN2M0YzAiOnsiY3JlYXRlIjozMDAwMDAwMDAwMDB9fQ=="
        }
      ]
    },
    {
      "mode": "managed",
      "type": "google_storage_bucket",
      "name": "marketlens_raw",
      "provider": "provider[\"registry.terraform.io/hashicorp/google\"]",
      "instances": [
        {
          "schema_version": 4,
          "attributes": {
            "autoclass": [],
            "cors": [],
            "custom_placement_config": [],
            "default_event_based_hold": false,
            "deletion_policy": "DELETE",
            "effective_labels": {
              "goog-terraform-provisioned": "true"
            },
            "enable_object_retention": false,
            "encryption": [],
            "force_destroy": false,
            "hierarchical_namespace": [
              {
                "enabled": false
              }
            ],
            "id": "market-lens-506605-raw",
            "ip_filter": [],
            "labels": null,
            "lifecycle_rule": [],
            "location": "ASIA-SOUTH1",
            "logging": [],
            "name": "market-lens-506605-raw",
            "project": "market-lens-506605",
            "project_number": 1017384688122,
            "public_access_prevention": "inherited",
            "requester_pays": false,
            "retention_policy": [],
            "rpo": null,
            "self_link": "https://www.googleapis.com/storage/v1/b/market-lens-506605-raw",
            "soft_delete_policy": [
              {
                "effective_time": "2026-08-25T08:36:04.614Z",
                "retention_duration_seconds": 604800
              }
            ],
            "storage_class": "STANDARD",
            "terraform_labels": {
              "goog-terraform-provisioned": "true"
            },
            "time_created": "2026-08-25T08:36:04.614Z",
            "timeouts": null,
            "uniform_bucket_level_access": true,
            "updated": "2026-08-25T08:36:04.614Z",
            "url": "gs://market-lens-506605-raw",
            "versioning": [
              {
                "enabled": true
              }
            ],
            "website": []
          },
          "sensitive_attributes": [],
          "identity_schema_version": 1,
          "identity": {
            "name": "market-lens-506605-raw",
            "project": "market-lens-506605"
          },
          "private": "eyJlMmJmYjczMC1lY2FhLTExZTYtOGY4OC0zNDM2M2JjN2M0YzAiOnsiY3JlYXRlIjo2MDAwMDAwMDAwMDAsInJlYWQiOjI0MDAwMDAwMDAwMCwidXBkYXRlIjoyNDAwMDAwMDAwMDB9LCJzY2hlbWFfdmVyc2lvbiI6IjQifQ=="
        }
      ]
    },
    {
      "mode": "managed",
      "type": "google_storage_bucket_iam_member",
      "name": "pipeline_bucket",
      "provider": "provider[\"registry.terraform.io/hashicorp/google\"]",
      "instances": [
        {
          "schema_version": 0,
          "attributes": {
            "bucket": "b/market-lens-506605-raw",
            "condition": [],
            "etag": "CAI=",
            "id": "b/market-lens-506605-raw/roles/storage.objectAdmin/serviceAccount:marketlens-pipeline-sa@market-lens-506605.iam.gserviceaccount.com",
            "member": "serviceAccount:marketlens-pipeline-sa@market-lens-506605.iam.gserviceaccount.com",
            "role": "roles/storage.objectAdmin",
            "timeouts": null
          },
          "sensitive_attributes": [],
          "identity_schema_version": 0,
          "private": "eyJlMmJmYjczMC1lY2FhLTExZTYtOGY4OC0zNDM2M2JjN2M0YzAiOnsiY3JlYXRlIjoxMjAwMDAwMDAwMDAwfX0=",
          "dependencies": [
            "google_service_account.pipeline",
            "google_storage_bucket.marketlens_raw"
          ]
        }
      ]
    }
  ],
  "check_results": null
}
