{
  "version": 4,
  "terraform_version": "1.15.8",
  "serial": 12,
  "lineage": "26cb557c-a9d5-d739-95ec-199eb549bbbe",
  "outputs": {
    "raw_bucket_name": {
      "value": "market-lens-506611-raw-mlteam-2026",
      "type": "string"
    },
    "raw_bucket_url": {
      "value": "gs://market-lens-506611-raw-mlteam-2026",
      "type": "string"
    }
  },
  "resources": [
    {
      "mode": "managed",
      "type": "google_storage_bucket",
      "name": "raw_data",
      "provider": "provider[\"registry.terraform.io/hashicorp/google\"]",
      "instances": [
        {
          "schema_version": 4,
          "attributes": {
            "autoclass": [],
            "cors": [],
            "custom_placement_config": [],
            "default_event_based_hold": false,
            "deletion_policy": "DELETE",
            "effective_labels": {
              "goog-terraform-provisioned": "true"
            },
            "enable_object_retention": false,
            "encryption": [],
            "force_destroy": false,
            "hierarchical_namespace": [
              {
                "enabled": false
              }
            ],
            "id": "market-lens-506611-raw-mlteam-2026",
            "ip_filter": [],
            "labels": {},
            "lifecycle_rule": [],
            "location": "US-CENTRAL1",
            "logging": [],
            "name": "market-lens-506611-raw-mlteam-2026",
            "project": "market-lens-506611",
            "project_number": 259575414659,
            "public_access_prevention": "enforced",
            "requester_pays": false,
            "retention_policy": [],
            "rpo": null,
            "self_link": "https://www.googleapis.com/storage/v1/b/market-lens-506611-raw-mlteam-2026",
            "soft_delete_policy": [
              {
                "effective_time": "2026-08-25T14:55:41.332Z",
                "retention_duration_seconds": 604800
              }
            ],
            "storage_class": "STANDARD",
            "terraform_labels": {
              "goog-terraform-provisioned": "true"
            },
            "time_created": "2026-08-25T14:55:41.332Z",
            "timeouts": null,
            "uniform_bucket_level_access": true,
            "updated": "2026-08-25T14:55:41.332Z",
            "url": "gs://market-lens-506611-raw-mlteam-2026",
            "versioning": [
              {
                "enabled": true
              }
            ],
            "website": []
          },
          "sensitive_attributes": [],
          "identity_schema_version": 1,
          "identity": {
            "name": "market-lens-506611-raw-mlteam-2026",
            "project": "market-lens-506611"
          },
          "private": "eyJlMmJmYjczMC1lY2FhLTExZTYtOGY4OC0zNDM2M2JjN2M0YzAiOnsiY3JlYXRlIjo2MDAwMDAwMDAwMDAsInJlYWQiOjI0MDAwMDAwMDAwMCwidXBkYXRlIjoyNDAwMDAwMDAwMDB9LCJzY2hlbWFfdmVyc2lvbiI6IjQifQ=="
        }
      ]
    }
  ],
  "check_results": null
}
